
Microsoft Visual Studio Solution File, Format Version 12.00
# Visual Studio Version 17
VisualStudioVersion = 17.3.32804.467
MinimumVisualStudioVersion = 10.0.40219.1
Project("{2150E333-8FDC-42A3-9474-1A3956D46DE8}") = "Creational", "Creational", "{B64F9F98-E15A-44F2-B86D-BF46336ED67F}"
EndProject
Project("{2150E333-8FDC-42A3-9474-1A3956D46DE8}") = "Builder", "Builder", "{70F115C2-47FA-42AA-B10C-8ECC4E1DD5E7}"
EndProject
Project("{FAE04EC0-301F-11D3-BF4B-00C04F79EFBC}") = "DesignPatterns.Creational.FunctionalBuilder", "DesignPatterns.Creational.FunctionalBuilder\DesignPatterns.Creational.FunctionalBuilder.csproj", "{CD536D71-961B-4E90-9A44-CF3142F17D9F}"
EndProject
Project("{9A19103F-16F7-4668-BE54-9A1E7A4F7556}") = "DesignPatterns.Creational.Builder", "DesignPatterns.Creational.Builder\DesignPatterns.Creational.Builder.csproj", "{676DC758-F710-4E06-9AE9-590A9313CB1E}"
EndProject
Project("{9A19103F-16F7-4668-BE54-9A1E7A4F7556}") = "DesignPatterns.Creational.StepwiseBuilder", "DesignPatterns.Creational.StepwiseBuilder\DesignPatterns.Creational.StepwiseBuilder.csproj", "{FB3C30A1-F4BF-4C6A-9FBF-283234929B16}"
EndProject
Project("{FAE04EC0-301F-11D3-BF4B-00C04F79EFBC}") = "DesignPatterns.Creational.FacetedBuilder", "DesignPatterns.Creational.FacetedBuilder\DesignPatterns.Creational.FacetedBuilder.csproj", "{2180D3DB-77A4-445A-8DB8-B4E2CC5DE4B0}"
EndProject
Project("{FAE04EC0-301F-11D3-BF4B-00C04F79EFBC}") = "DesignPatterns.Creational.Exercise", "DesignPatterns.Creational.Exercise\DesignPatterns.Creational.Exercise.csproj", "{5E0F6E70-35D2-406B-B962-02965CEFCE8C}"
EndProject
Global
	GlobalSection(SolutionConfigurationPlatforms) = preSolution
		Debug|Any CPU = Debug|Any CPU
		Release|Any CPU = Release|Any CPU
	EndGlobalSection
	GlobalSection(ProjectConfigurationPlatforms) = postSolution
		{CD536D71-961B-4E90-9A44-CF3142F17D9F}.Debug|Any CPU.ActiveCfg = Debug|Any CPU
		{CD536D71-961B-4E90-9A44-CF3142F17D9F}.Debug|Any CPU.Build.0 = Debug|Any CPU
		{CD536D71-961B-4E90-9A44-CF3142F17D9F}.Release|Any CPU.ActiveCfg = Release|Any CPU
		{CD536D71-961B-4E90-9A44-CF3142F17D9F}.Release|Any CPU.Build.0 = Release|Any CPU
		{676DC758-F710-4E06-9AE9-590A9313CB1E}.Debug|Any CPU.ActiveCfg = Debug|Any CPU
		{676DC758-F710-4E06-9AE9-590A9313CB1E}.Debug|Any CPU.Build.0 = Debug|Any CPU
		{676DC758-F710-4E06-9AE9-590A9313CB1E}.Release|Any CPU.ActiveCfg = Release|Any CPU
		{676DC758-F710-4E06-9AE9-590A9313CB1E}.Release|Any CPU.Build.0 = Release|Any CPU
		{FB3C30A1-F4BF-4C6A-9FBF-283234929B16}.Debug|Any CPU.ActiveCfg = Debug|Any CPU
		{FB3C30A1-F4BF-4C6A-9FBF-283234929B16}.Debug|Any CPU.Build.0 = Debug|Any CPU
		{FB3C30A1-F4BF-4C6A-9FBF-283234929B16}.Release|Any CPU.ActiveCfg = Release|Any CPU
		{FB3C30A1-F4BF-4C6A-9FBF-283234929B16}.Release|Any CPU.Build.0 = Release|Any CPU
		{2180D3DB-77A4-445A-8DB8-B4E2CC5DE4B0}.Debug|Any CPU.ActiveCfg = Debug|Any CPU
		{2180D3DB-77A4-445A-8DB8-B4E2CC5DE4B0}.Debug|Any CPU.Build.0 = Debug|Any CPU
		{2180D3DB-77A4-445A-8DB8-B4E2CC5DE4B0}.Release|Any CPU.ActiveCfg = Release|Any CPU
		{2180D3DB-77A4-445A-8DB8-B4E2CC5DE4B0}.Release|Any CPU.Build.0 = Release|Any CPU
		{5E0F6E70-35D2-406B-B962-02965CEFCE8C}.Debug|Any CPU.ActiveCfg = Debug|Any CPU
		{5E0F6E70-35D2-406B-B962-02965CEFCE8C}.Debug|Any CPU.Build.0 = Debug|Any CPU
		{5E0F6E70-35D2-406B-B962-02965CEFCE8C}.Release|Any CPU.ActiveCfg = Release|Any CPU
		{5E0F6E70-35D2-406B-B962-02965CEFCE8C}.Release|Any CPU.Build.0 = Release|Any CPU
	EndGlobalSection
	GlobalSection(SolutionProperties) = preSolution
		HideSolutionNode = FALSE
	EndGlobalSection
	GlobalSection(NestedProjects) = preSolution
		{70F115C2-47FA-42AA-B10C-8ECC4E1DD5E7} = {B64F9F98-E15A-44F2-B86D-BF46336ED67F}
		{CD536D71-961B-4E90-9A44-CF3142F17D9F} = {70F115C2-47FA-42AA-B10C-8ECC4E1DD5E7}
		{676DC758-F710-4E06-9AE9-590A9313CB1E} = {70F115C2-47FA-42AA-B10C-8ECC4E1DD5E7}
		{FB3C30A1-F4BF-4C6A-9FBF-283234929B16} = {70F115C2-47FA-42AA-B10C-8ECC4E1DD5E7}
		{2180D3DB-77A4-445A-8DB8-B4E2CC5DE4B0} = {70F115C2-47FA-42AA-B10C-8ECC4E1DD5E7}
		{5E0F6E70-35D2-406B-B962-02965CEFCE8C} = {70F115C2-47FA-42AA-B10C-8ECC4E1DD5E7}
	EndGlobalSection
	GlobalSection(ExtensibilityGlobals) = postSolution
		SolutionGuid = {F6413D01-8707-44D3-8EB4-32E0CBB7DE30}
	EndGlobalSection
EndGlobal
